
Microsoft Visual Studio Solution File, Format Version 12.00
# Visual Studio Version 17
VisualStudioVersion = 17.13.35818.85 d17.13
MinimumVisualStudioVersion = 10.0.40219.1
Project("{8BC9CEB8-8B4A-11D0-8D11-00A0C91BC942}") = "Laborator1", "Laborator1.vcxproj", "{773A1431-535F-4845-891D-9FBC43DEAB28}"
EndProject
Global
	GlobalSection(SolutionConfigurationPlatforms) = preSolution
		Debug|x64 = Debug|x64
		Debug|x86 = Debug|x86
		Release|x64 = Release|x64
		Release|x86 = Release|x86
	EndGlobalSection
	GlobalSection(ProjectConfigurationPlatforms) = postSolution
		{773A1431-535F-4845-891D-9FBC43DEAB28}.Debug|x64.ActiveCfg = Debug|x64
		{773A1431-535F-4845-891D-9FBC43DEAB28}.Debug|x64.Build.0 = Debug|x64
		{773A1431-535F-4845-891D-9FBC43DEAB28}.Debug|x86.ActiveCfg = Debug|Win32
		{773A1431-535F-4845-891D-9FBC43DEAB28}.Debug|x86.Build.0 = Debug|Win32
		{773A1431-535F-4845-891D-9FBC43DEAB28}.Release|x64.ActiveCfg = Release|x64
		{773A1431-535F-4845-891D-9FBC43DEAB28}.Release|x64.Build.0 = Release|x64
		{773A1431-535F-4845-891D-9FBC43DEAB28}.Release|x86.ActiveCfg = Release|Win32
		{773A1431-535F-4845-891D-9FBC43DEAB28}.Release|x86.Build.0 = Release|Win32
	EndGlobalSection
	GlobalSection(SolutionProperties) = preSolution
		HideSolutionNode = FALSE
	EndGlobalSection
	GlobalSection(ExtensibilityGlobals) = postSolution
		SolutionGuid = {5976BC74-6523-4017-B77D-B514052C08D0}
	EndGlobalSection
EndGlobal
